
Microsoft Visual Studio Solution File, Format Version 12.00
# Visual Studio Version 17
VisualStudioVersion = 17.0.32126.317
MinimumVisualStudioVersion = 10.0.40219.1
Project("{9A19103F-16F7-4668-BE54-9A1E7A4F7556}") = "GeradorDeApostas", "GeradorDeApostas.csproj", "{94EBE12B-053A-4036-B176-84F8806F1D4C}"
EndProject
Project("{FAE04EC0-301F-11D3-BF4B-00C04F79EFBC}") = "login-autenticacao", "..\login-autenticacao\login-autenticacao.csproj", "{1E2D1849-C1D9-4940-9C05-FD9DA3CA7031}"
EndProject
Project("{FAE04EC0-301F-11D3-BF4B-00C04F79EFBC}") = "HashSenha", "..\HashSenha\HashSenha.csproj", "{785A24E7-4214-44F2-8530-B7365841C3D9}"
EndProject
Global
	GlobalSection(SolutionConfigurationPlatforms) = preSolution
		Debug|Any CPU = Debug|Any CPU
		Release|Any CPU = Release|Any CPU
	EndGlobalSection
	GlobalSection(ProjectConfigurationPlatforms) = postSolution
		{94EBE12B-053A-4036-B176-84F8806F1D4C}.Debug|Any CPU.ActiveCfg = Debug|Any CPU
		{94EBE12B-053A-4036-B176-84F8806F1D4C}.Debug|Any CPU.Build.0 = Debug|Any CPU
		{94EBE12B-053A-4036-B176-84F8806F1D4C}.Release|Any CPU.ActiveCfg = Release|Any CPU
		{94EBE12B-053A-4036-B176-84F8806F1D4C}.Release|Any CPU.Build.0 = Release|Any CPU
		{1E2D1849-C1D9-4940-9C05-FD9DA3CA7031}.Debug|Any CPU.ActiveCfg = Debug|Any CPU
		{1E2D1849-C1D9-4940-9C05-FD9DA3CA7031}.Debug|Any CPU.Build.0 = Debug|Any CPU
		{1E2D1849-C1D9-4940-9C05-FD9DA3CA7031}.Release|Any CPU.ActiveCfg = Release|Any CPU
		{1E2D1849-C1D9-4940-9C05-FD9DA3CA7031}.Release|Any CPU.Build.0 = Release|Any CPU
		{785A24E7-4214-44F2-8530-B7365841C3D9}.Debug|Any CPU.ActiveCfg = Debug|Any CPU
		{785A24E7-4214-44F2-8530-B7365841C3D9}.Debug|Any CPU.Build.0 = Debug|Any CPU
		{785A24E7-4214-44F2-8530-B7365841C3D9}.Release|Any CPU.ActiveCfg = Release|Any CPU
		{785A24E7-4214-44F2-8530-B7365841C3D9}.Release|Any CPU.Build.0 = Release|Any CPU
	EndGlobalSection
	GlobalSection(SolutionProperties) = preSolution
		HideSolutionNode = FALSE
	EndGlobalSection
	GlobalSection(ExtensibilityGlobals) = postSolution
		SolutionGuid = {8E7DA995-D80B-4AC1-987F-F6F972423E36}
	EndGlobalSection
EndGlobal
